
Microsoft Visual Studio Solution File, Format Version 12.00
# Visual Studio 15
VisualStudioVersion = 15.0.28307.329
MinimumVisualStudioVersion = 10.0.40219.1
Project("{888888A0-9F3D-457C-B088-3A5042F75D52}") = "FlaskWebProject1", "FlaskWebProject1\FlaskWebProject1.pyproj", "{010BE1CB-82DA-45DE-A9DA-8518C588585A}"
EndProject
Global
	GlobalSection(SolutionConfigurationPlatforms) = preSolution
		Debug|Any CPU = Debug|Any CPU
		Release|Any CPU = Release|Any CPU
	EndGlobalSection
	GlobalSection(ProjectConfigurationPlatforms) = postSolution
		{010BE1CB-82DA-45DE-A9DA-8518C588585A}.Debug|Any CPU.ActiveCfg = Debug|Any CPU
		{010BE1CB-82DA-45DE-A9DA-8518C588585A}.Debug|Any CPU.Build.0 = Debug|Any CPU
		{010BE1CB-82DA-45DE-A9DA-8518C588585A}.Release|Any CPU.ActiveCfg = Release|Any CPU
		{010BE1CB-82DA-45DE-A9DA-8518C588585A}.Release|Any CPU.Build.0 = Release|Any CPU
	EndGlobalSection
	GlobalSection(SolutionProperties) = preSolution
		HideSolutionNode = FALSE
	EndGlobalSection
	GlobalSection(ExtensibilityGlobals) = postSolution
		SolutionGuid = {ED6AEEAB-F555-45AA-A420-209773864EEC}
	EndGlobalSection
EndGlobal
